// !$*UTF8*$!
{
	archiveVersion = 1;
	classes = {
	};
	objectVersion = 46;
	objects = {

/* Begin PBXBuildFile section */
		9611076615939A5600374A55 /* icom-Small@2x.png in Resources */ = {isa = PBXBuildFile; fileRef = 9611075F15939A5600374A55 /* icom-Small@2x.png */; };
		9611076715939A5600374A55 /* icon-72.png in Resources */ = {isa = PBXBuildFile; fileRef = 9611076015939A5600374A55 /* icon-72.png */; };
		9611076815939A5600374A55 /* Icon-Small-50.png in Resources */ = {isa = PBXBuildFile; fileRef = 9611076115939A5600374A55 /* Icon-Small-50.png */; };
		9611076915939A5600374A55 /* Icon-Small.png in Resources */ = {isa = PBXBuildFile; fileRef = 9611076215939A5600374A55 /* Icon-Small.png */; };
		9611076A15939A5600374A55 /* Icon.png in Resources */ = {isa = PBXBuildFile; fileRef = 9611076315939A5600374A55 /* Icon.png */; };
		9611076B15939A5600374A55 /* icon@2x.png in Resources */ = {isa = PBXBuildFile; fileRef = 9611076415939A5600374A55 /* icon@2x.png */; };
		9611076C15939A5600374A55 /* iTunesArtwork in Resources */ = {isa = PBXBuildFile; fileRef = 9611076515939A5600374A55 /* iTunesArtwork */; };
		9611077015939D2B00374A55 /* LoadingImage.png in Resources */ = {isa = PBXBuildFile; fileRef = 9611076E15939D2B00374A55 /* LoadingImage.png */; };
		9611077115939D2B00374A55 /* LoadingImage@2x.png in Resources */ = {isa = PBXBuildFile; fileRef = 9611076F15939D2B00374A55 /* LoadingImage@2x.png */; };
		9629BFE9158A3177007E8291 /* STRRegistrationViewController.m in Sources */ = {isa = PBXBuildFile; fileRef = 9629BFE8158A3177007E8291 /* STRRegistrationViewController.m */; };
		963EE5151587BF870046BD04 /* SenTestingKit.framework in Frameworks */ = {isa = PBXBuildFile; fileRef = 963EE5141587BF870046BD04 /* SenTestingKit.framework */; };
		963EE5161587BF870046BD04 /* UIKit.framework in Frameworks */ = {isa = PBXBuildFile; fileRef = 965E2C4B158258B30007F167 /* UIKit.framework */; };
		963EE5171587BF870046BD04 /* Foundation.framework in Frameworks */ = {isa = PBXBuildFile; fileRef = 965E2C4D158258B30007F167 /* Foundation.framework */; };
		963EE51D1587BF870046BD04 /* InfoPlist.strings in Resources */ = {isa = PBXBuildFile; fileRef = 963EE51B1587BF870046BD04 /* InfoPlist.strings */; };
		963EE5201587BF870046BD04 /* ToastLogicTests.m in Sources */ = {isa = PBXBuildFile; fileRef = 963EE51F1587BF870046BD04 /* ToastLogicTests.m */; };
		963EE5291587C8DD0046BD04 /* AppledocSettings.plist in Resources */ = {isa = PBXBuildFile; fileRef = 963EE5281587C8DD0046BD04 /* AppledocSettings.plist */; };
		963EE52C1587E2510046BD04 /* NSString+uploadHash.m in Sources */ = {isa = PBXBuildFile; fileRef = 963EE52B1587E2510046BD04 /* NSString+uploadHash.m */; };
		963EE52F1587E2C10046BD04 /* NSString+downloadHash.m in Sources */ = {isa = PBXBuildFile; fileRef = 963EE52E1587E2C10046BD04 /* NSString+downloadHash.m */; };
		964C765515890E9D0020E315 /* STRAlbumViewController.m in Sources */ = {isa = PBXBuildFile; fileRef = 964C765415890E9D0020E315 /* STRAlbumViewController.m */; };
		964C765915891DFF0020E315 /* STRRootViewController.m in Sources */ = {isa = PBXBuildFile; fileRef = 964C765815891DFF0020E315 /* STRRootViewController.m */; };
		96561D2F1592048600204E36 /* blackmoleskine.png in Resources */ = {isa = PBXBuildFile; fileRef = 96561D2E1592048600204E36 /* blackmoleskine.png */; };
		96561D371592554E00204E36 /* STRGalleryTabController.m in Sources */ = {isa = PBXBuildFile; fileRef = 96561D361592554E00204E36 /* STRGalleryTabController.m */; };
		96561D3B15926E6400204E36 /* STRCaptureObjectManager.m in Sources */ = {isa = PBXBuildFile; fileRef = 96561D3A15926E6300204E36 /* STRCaptureObjectManager.m */; };
		965E2C4C158258B30007F167 /* UIKit.framework in Frameworks */ = {isa = PBXBuildFile; fileRef = 965E2C4B158258B30007F167 /* UIKit.framework */; };
		965E2C4E158258B30007F167 /* Foundation.framework in Frameworks */ = {isa = PBXBuildFile; fileRef = 965E2C4D158258B30007F167 /* Foundation.framework */; };
		965E2C50158258B30007F167 /* CoreGraphics.framework in Frameworks */ = {isa = PBXBuildFile; fileRef = 965E2C4F158258B30007F167 /* CoreGraphics.framework */; };
		965E2C52158258B30007F167 /* CoreData.framework in Frameworks */ = {isa = PBXBuildFile; fileRef = 965E2C51158258B30007F167 /* CoreData.framework */; };
		965E2C58158258B30007F167 /* InfoPlist.strings in Resources */ = {isa = PBXBuildFile; fileRef = 965E2C56158258B30007F167 /* InfoPlist.strings */; };
		965E2C5A158258B30007F167 /* main.m in Sources */ = {isa = PBXBuildFile; fileRef = 965E2C59158258B30007F167 /* main.m */; };
		965E2C5E158258B30007F167 /* STRAppDelegate.m in Sources */ = {isa = PBXBuildFile; fileRef = 965E2C5D158258B30007F167 /* STRAppDelegate.m */; };
		965E2C61158258B30007F167 /* Toast.xcdatamodeld in Sources */ = {isa = PBXBuildFile; fileRef = 965E2C5F158258B30007F167 /* Toast.xcdatamodeld */; };
		965E2C68158258C80007F167 /* MainStoryboard.storyboard in Resources */ = {isa = PBXBuildFile; fileRef = 965E2C67158258C80007F167 /* MainStoryboard.storyboard */; };
		969F1DA7158687D20094154B /* STRSignInViewController.m in Sources */ = {isa = PBXBuildFile; fileRef = 969F1DA6158687D20094154B /* STRSignInViewController.m */; };
		96AE9706158F7B1E007A02D0 /* Capture.m in Sources */ = {isa = PBXBuildFile; fileRef = 96AE9705158F7B1E007A02D0 /* Capture.m */; };
		96AE970A158F7B1F007A02D0 /* User.m in Sources */ = {isa = PBXBuildFile; fileRef = 96AE9709158F7B1F007A02D0 /* User.m */; };
		96AE970D158F7B1F007A02D0 /* Album.m in Sources */ = {isa = PBXBuildFile; fileRef = 96AE970C158F7B1F007A02D0 /* Album.m */; };
		96AE9711158F9EAB007A02D0 /* STRAlbumObjectManager.m in Sources */ = {isa = PBXBuildFile; fileRef = 96AE9710158F9EAA007A02D0 /* STRAlbumObjectManager.m */; };
		96C002711593774400DDD980 /* STRMapGalleryViewController.m in Sources */ = {isa = PBXBuildFile; fileRef = 96C002701593774400DDD980 /* STRMapGalleryViewController.m */; };
		96C002751593775000DDD980 /* STRTileGalleryViewController.m in Sources */ = {isa = PBXBuildFile; fileRef = 96C002741593775000DDD980 /* STRTileGalleryViewController.m */; };
		96DA53111590B7A100C38314 /* STRCoverFlowView.m in Sources */ = {isa = PBXBuildFile; fileRef = 96DA53101590B7A100C38314 /* STRCoverFlowView.m */; };
		96DA53151590BA0A00C38314 /* STRClipView.m in Sources */ = {isa = PBXBuildFile; fileRef = 96DA53141590BA0A00C38314 /* STRClipView.m */; };
		96DA531A1590FD5B00C38314 /* STRAlbumDetailView.m in Sources */ = {isa = PBXBuildFile; fileRef = 96DA53191590FD5A00C38314 /* STRAlbumDetailView.m */; };
		96DA531C1590FD6900C38314 /* STRAlbumDetailView.xib in Resources */ = {isa = PBXBuildFile; fileRef = 96DA531B1590FD6900C38314 /* STRAlbumDetailView.xib */; };
		96F422C61586A9BC002AE72D /* NSString+MD5.m in Sources */ = {isa = PBXBuildFile; fileRef = 96F422C51586A9BC002AE72D /* NSString+MD5.m */; };
		96F422CD1586AA68002AE72D /* CurrentUser.m in Sources */ = {isa = PBXBuildFile; fileRef = 96F422CA1586AA68002AE72D /* CurrentUser.m */; };
		96F422D415877321002AE72D /* STRLoginManager.m in Sources */ = {isa = PBXBuildFile; fileRef = 96F422D315877321002AE72D /* STRLoginManager.m */; };
		96F79B59158B7BDD00F29BEC /* album_names.plist in Resources */ = {isa = PBXBuildFile; fileRef = 96F79B58158B7BDD00F29BEC /* album_names.plist */; };
		96F79B5D158B7F9500F29BEC /* redmoleskine.png in Resources */ = {isa = PBXBuildFile; fileRef = 96F79B5C158B7F9500F29BEC /* redmoleskine.png */; };
		96F79B6E158BBC6000F29BEC /* STRNewAlbumViewController.m in Sources */ = {isa = PBXBuildFile; fileRef = 96F79B6D158BBC6000F29BEC /* STRNewAlbumViewController.m */; };
		96F79B71158BBC7F00F29BEC /* STRAlbumPreferencesViewController.m in Sources */ = {isa = PBXBuildFile; fileRef = 96F79B70158BBC7E00F29BEC /* STRAlbumPreferencesViewController.m */; };
		96F79B7C158BC91B00F29BEC /* STRPreferencesViewController.m in Sources */ = {isa = PBXBuildFile; fileRef = 96F79B7B158BC91B00F29BEC /* STRPreferencesViewController.m */; };
/* End PBXBuildFile section */

/* Begin PBXContainerItemProxy section */
		963EE5261587C0DD0046BD04 /* PBXContainerItemProxy */ = {
			isa = PBXContainerItemProxy;
			containerPortal = 965E2C3E158258B30007F167 /* Project object */;
			proxyType = 1;
			remoteGlobalIDString = 965E2C46158258B30007F167;
			remoteInfo = Toast;
		};
/* End PBXContainerItemProxy section */

/* Begin PBXFileReference section */
		9611075F15939A5600374A55 /* icom-Small@2x.png */ = {isa = PBXFileReference; lastKnownFileType = image.png; path = "icom-Small@2x.png"; sourceTree = "<group>"; };
		9611076015939A5600374A55 /* icon-72.png */ = {isa = PBXFileReference; lastKnownFileType = image.png; path = "icon-72.png"; sourceTree = "<group>"; };
		9611076115939A5600374A55 /* Icon-Small-50.png */ = {isa = PBXFileReference; lastKnownFileType = image.png; path = "Icon-Small-50.png"; sourceTree = "<group>"; };
		9611076215939A5600374A55 /* Icon-Small.png */ = {isa = PBXFileReference; lastKnownFileType = image.png; path = "Icon-Small.png"; sourceTree = "<group>"; };
		9611076315939A5600374A55 /* Icon.png */ = {isa = PBXFileReference; lastKnownFileType = image.png; path = Icon.png; sourceTree = "<group>"; };
		9611076415939A5600374A55 /* icon@2x.png */ = {isa = PBXFileReference; lastKnownFileType = image.png; path = "icon@2x.png"; sourceTree = "<group>"; };
		9611076515939A5600374A55 /* iTunesArtwork */ = {isa = PBXFileReference; lastKnownFileType = file; path = iTunesArtwork; sourceTree = "<group>"; };
		9611076E15939D2B00374A55 /* LoadingImage.png */ = {isa = PBXFileReference; lastKnownFileType = image.png; path = LoadingImage.png; sourceTree = "<group>"; };
		9611076F15939D2B00374A55 /* LoadingImage@2x.png */ = {isa = PBXFileReference; lastKnownFileType = image.png; path = "LoadingImage@2x.png"; sourceTree = "<group>"; };
		9629BFE7158A3177007E8291 /* STRRegistrationViewController.h */ = {isa = PBXFileReference; fileEncoding = 4; lastKnownFileType = sourcecode.c.h; path = STRRegistrationViewController.h; sourceTree = "<group>"; };
		9629BFE8158A3177007E8291 /* STRRegistrationViewController.m */ = {isa = PBXFileReference; fileEncoding = 4; lastKnownFileType = sourcecode.c.objc; path = STRRegistrationViewController.m; sourceTree = "<group>"; };
		963EE5131587BF870046BD04 /* ToastLogicTests.octest */ = {isa = PBXFileReference; explicitFileType = wrapper.cfbundle; includeInIndex = 0; path = ToastLogicTests.octest; sourceTree = BUILT_PRODUCTS_DIR; };
		963EE5141587BF870046BD04 /* SenTestingKit.framework */ = {isa = PBXFileReference; lastKnownFileType = wrapper.framework; name = SenTestingKit.framework; path = Library/Frameworks/SenTestingKit.framework; sourceTree = DEVELOPER_DIR; };
		963EE51A1587BF870046BD04 /* ToastLogicTests-Info.plist */ = {isa = PBXFileReference; lastKnownFileType = text.plist.xml; path = "ToastLogicTests-Info.plist"; sourceTree = "<group>"; };
		963EE51C1587BF870046BD04 /* en */ = {isa = PBXFileReference; lastKnownFileType = text.plist.strings; name = en; path = en.lproj/InfoPlist.strings; sourceTree = "<group>"; };
		963EE51E1587BF870046BD04 /* ToastLogicTests.h */ = {isa = PBXFileReference; lastKnownFileType = sourcecode.c.h; path = ToastLogicTests.h; sourceTree = "<group>"; };
		963EE51F1587BF870046BD04 /* ToastLogicTests.m */ = {isa = PBXFileReference; lastKnownFileType = sourcecode.c.objc; path = ToastLogicTests.m; sourceTree = "<group>"; };
		963EE5211587BF870046BD04 /* ToastLogicTests-Prefix.pch */ = {isa = PBXFileReference; lastKnownFileType = sourcecode.c.h; path = "ToastLogicTests-Prefix.pch"; sourceTree = "<group>"; };
		963EE5281587C8DD0046BD04 /* AppledocSettings.plist */ = {isa = PBXFileReference; fileEncoding = 4; lastKnownFileType = text.plist.xml; path = AppledocSettings.plist; sourceTree = "<group>"; };
		963EE52A1587E2510046BD04 /* NSString+uploadHash.h */ = {isa = PBXFileReference; fileEncoding = 4; lastKnownFileType = sourcecode.c.h; path = "NSString+uploadHash.h"; sourceTree = "<group>"; };
		963EE52B1587E2510046BD04 /* NSString+uploadHash.m */ = {isa = PBXFileReference; fileEncoding = 4; lastKnownFileType = sourcecode.c.objc; path = "NSString+uploadHash.m"; sourceTree = "<group>"; };
		963EE52D1587E2C10046BD04 /* NSString+downloadHash.h */ = {isa = PBXFileReference; fileEncoding = 4; lastKnownFileType = sourcecode.c.h; path = "NSString+downloadHash.h"; sourceTree = "<group>"; };
		963EE52E1587E2C10046BD04 /* NSString+downloadHash.m */ = {isa = PBXFileReference; fileEncoding = 4; lastKnownFileType = sourcecode.c.objc; path = "NSString+downloadHash.m"; sourceTree = "<group>"; };
		964C765315890E9D0020E315 /* STRAlbumsViewController.h */ = {isa = PBXFileReference; fileEncoding = 4; lastKnownFileType = sourcecode.c.h; path = STRAlbumsViewController.h; sourceTree = "<group>"; };
		964C765415890E9D0020E315 /* STRAlbumViewController.m */ = {isa = PBXFileReference; fileEncoding = 4; lastKnownFileType = sourcecode.c.objc; path = STRAlbumViewController.m; sourceTree = "<group>"; };
		964C765715891DFF0020E315 /* STRRootViewController.h */ = {isa = PBXFileReference; fileEncoding = 4; lastKnownFileType = sourcecode.c.h; path = STRRootViewController.h; sourceTree = "<group>"; };
		964C765815891DFF0020E315 /* STRRootViewController.m */ = {isa = PBXFileReference; fileEncoding = 4; lastKnownFileType = sourcecode.c.objc; path = STRRootViewController.m; sourceTree = "<group>"; };
		96561D2E1592048600204E36 /* blackmoleskine.png */ = {isa = PBXFileReference; lastKnownFileType = image.png; name = blackmoleskine.png; path = album_covers/blackmoleskine.png; sourceTree = "<group>"; };
		96561D351592554E00204E36 /* STRGalleryTabController.h */ = {isa = PBXFileReference; fileEncoding = 4; lastKnownFileType = sourcecode.c.h; path = STRGalleryTabController.h; sourceTree = "<group>"; };
		96561D361592554E00204E36 /* STRGalleryTabController.m */ = {isa = PBXFileReference; fileEncoding = 4; lastKnownFileType = sourcecode.c.objc; path = STRGalleryTabController.m; sourceTree = "<group>"; };
		96561D3915926E6300204E36 /* STRCaptureObjectManager.h */ = {isa = PBXFileReference; fileEncoding = 4; lastKnownFileType = sourcecode.c.h; path = STRCaptureObjectManager.h; sourceTree = "<group>"; };
		96561D3A15926E6300204E36 /* STRCaptureObjectManager.m */ = {isa = PBXFileReference; fileEncoding = 4; lastKnownFileType = sourcecode.c.objc; path = STRCaptureObjectManager.m; sourceTree = "<group>"; };
		965DE4FF158BD7B100DAAA92 /* CoreDataObjects.h */ = {isa = PBXFileReference; fileEncoding = 4; lastKnownFileType = sourcecode.c.h; path = CoreDataObjects.h; sourceTree = "<group>"; };
		965E2C47158258B30007F167 /* Toast.app */ = {isa = PBXFileReference; explicitFileType = wrapper.application; includeInIndex = 0; path = Toast.app; sourceTree = BUILT_PRODUCTS_DIR; };
		965E2C4B158258B30007F167 /* UIKit.framework */ = {isa = PBXFileReference; lastKnownFileType = wrapper.framework; name = UIKit.framework; path = System/Library/Frameworks/UIKit.framework; sourceTree = SDKROOT; };
		965E2C4D158258B30007F167 /* Foundation.framework */ = {isa = PBXFileReference; lastKnownFileType = wrapper.framework; name = Foundation.framework; path = System/Library/Frameworks/Foundation.framework; sourceTree = SDKROOT; };
		965E2C4F158258B30007F167 /* CoreGraphics.framework */ = {isa = PBXFileReference; lastKnownFileType = wrapper.framework; name = CoreGraphics.framework; path = System/Library/Frameworks/CoreGraphics.framework; sourceTree = SDKROOT; };
		965E2C51158258B30007F167 /* CoreData.framework */ = {isa = PBXFileReference; lastKnownFileType = wrapper.framework; name = CoreData.framework; path = System/Library/Frameworks/CoreData.framework; sourceTree = SDKROOT; };
		965E2C55158258B30007F167 /* Toast-Info.plist */ = {isa = PBXFileReference; lastKnownFileType = text.plist.xml; path = "Toast-Info.plist"; sourceTree = "<group>"; };
		965E2C57158258B30007F167 /* en */ = {isa = PBXFileReference; lastKnownFileType = text.plist.strings; name = en; path = en.lproj/InfoPlist.strings; sourceTree = "<group>"; };
		965E2C59158258B30007F167 /* main.m */ = {isa = PBXFileReference; lastKnownFileType = sourcecode.c.objc; path = main.m; sourceTree = "<group>"; };
		965E2C5B158258B30007F167 /* Toast-Prefix.pch */ = {isa = PBXFileReference; lastKnownFileType = sourcecode.c.h; path = "Toast-Prefix.pch"; sourceTree = "<group>"; };
		965E2C5C158258B30007F167 /* STRAppDelegate.h */ = {isa = PBXFileReference; lastKnownFileType = sourcecode.c.h; path = STRAppDelegate.h; sourceTree = "<group>"; };
		965E2C5D158258B30007F167 /* STRAppDelegate.m */ = {isa = PBXFileReference; lastKnownFileType = sourcecode.c.objc; path = STRAppDelegate.m; sourceTree = "<group>"; };
		965E2C60158258B30007F167 /* Toast.xcdatamodel */ = {isa = PBXFileReference; lastKnownFileType = wrapper.xcdatamodel; path = Toast.xcdatamodel; sourceTree = "<group>"; };
		965E2C67158258C80007F167 /* MainStoryboard.storyboard */ = {isa = PBXFileReference; fileEncoding = 4; lastKnownFileType = file.storyboard; path = MainStoryboard.storyboard; sourceTree = "<group>"; };
		969F1DA5158687D20094154B /* STRSignInViewController.h */ = {isa = PBXFileReference; fileEncoding = 4; lastKnownFileType = sourcecode.c.h; path = STRSignInViewController.h; sourceTree = "<group>"; };
		969F1DA6158687D20094154B /* STRSignInViewController.m */ = {isa = PBXFileReference; fileEncoding = 4; lastKnownFileType = sourcecode.c.objc; path = STRSignInViewController.m; sourceTree = "<group>"; };
		96AE9704158F7B1E007A02D0 /* Capture.h */ = {isa = PBXFileReference; fileEncoding = 4; lastKnownFileType = sourcecode.c.h; path = Capture.h; sourceTree = "<group>"; };
		96AE9705158F7B1E007A02D0 /* Capture.m */ = {isa = PBXFileReference; fileEncoding = 4; lastKnownFileType = sourcecode.c.objc; path = Capture.m; sourceTree = "<group>"; };
		96AE9708158F7B1F007A02D0 /* User.h */ = {isa = PBXFileReference; fileEncoding = 4; lastKnownFileType = sourcecode.c.h; path = User.h; sourceTree = "<group>"; };
		96AE9709158F7B1F007A02D0 /* User.m */ = {isa = PBXFileReference; fileEncoding = 4; lastKnownFileType = sourcecode.c.objc; path = User.m; sourceTree = "<group>"; };
		96AE970B158F7B1F007A02D0 /* Album.h */ = {isa = PBXFileReference; fileEncoding = 4; lastKnownFileType = sourcecode.c.h; path = Album.h; sourceTree = "<group>"; };
		96AE970C158F7B1F007A02D0 /* Album.m */ = {isa = PBXFileReference; fileEncoding = 4; lastKnownFileType = sourcecode.c.objc; path = Album.m; sourceTree = "<group>"; };
		96AE970E158F9A3A007A02D0 /* StringCategories.h */ = {isa = PBXFileReference; fileEncoding = 4; lastKnownFileType = sourcecode.c.h; path = StringCategories.h; sourceTree = "<group>"; };
		96AE970F158F9EAA007A02D0 /* STRAlbumObjectManager.h */ = {isa = PBXFileReference; fileEncoding = 4; lastKnownFileType = sourcecode.c.h; path = STRAlbumObjectManager.h; sourceTree = "<group>"; };
		96AE9710158F9EAA007A02D0 /* STRAlbumObjectManager.m */ = {isa = PBXFileReference; fileEncoding = 4; lastKnownFileType = sourcecode.c.objc; path = STRAlbumObjectManager.m; sourceTree = "<group>"; };
		96C0026F1593774400DDD980 /* STRMapGalleryViewController.h */ = {isa = PBXFileReference; fileEncoding = 4; lastKnownFileType = sourcecode.c.h; path = STRMapGalleryViewController.h; sourceTree = "<group>"; };
		96C002701593774400DDD980 /* STRMapGalleryViewController.m */ = {isa = PBXFileReference; fileEncoding = 4; lastKnownFileType = sourcecode.c.objc; path = STRMapGalleryViewController.m; sourceTree = "<group>"; };
		96C002731593775000DDD980 /* STRTileGalleryViewController.h */ = {isa = PBXFileReference; fileEncoding = 4; lastKnownFileType = sourcecode.c.h; path = STRTileGalleryViewController.h; sourceTree = "<group>"; };
		96C002741593775000DDD980 /* STRTileGalleryViewController.m */ = {isa = PBXFileReference; fileEncoding = 4; lastKnownFileType = sourcecode.c.objc; path = STRTileGalleryViewController.m; sourceTree = "<group>"; };
		96DA530F1590B7A100C38314 /* STRCoverFlowView.h */ = {isa = PBXFileReference; fileEncoding = 4; lastKnownFileType = sourcecode.c.h; path = STRCoverFlowView.h; sourceTree = "<group>"; };
		96DA53101590B7A100C38314 /* STRCoverFlowView.m */ = {isa = PBXFileReference; fileEncoding = 4; lastKnownFileType = sourcecode.c.objc; path = STRCoverFlowView.m; sourceTree = "<group>"; };
		96DA53131590BA0A00C38314 /* STRClipView.h */ = {isa = PBXFileReference; fileEncoding = 4; lastKnownFileType = sourcecode.c.h; path = STRClipView.h; sourceTree = "<group>"; };
		96DA53141590BA0A00C38314 /* STRClipView.m */ = {isa = PBXFileReference; fileEncoding = 4; lastKnownFileType = sourcecode.c.objc; path = STRClipView.m; sourceTree = "<group>"; };
		96DA53181590FD5A00C38314 /* STRAlbumDetailView.h */ = {isa = PBXFileReference; fileEncoding = 4; lastKnownFileType = sourcecode.c.h; path = STRAlbumDetailView.h; sourceTree = "<group>"; };
		96DA53191590FD5A00C38314 /* STRAlbumDetailView.m */ = {isa = PBXFileReference; fileEncoding = 4; lastKnownFileType = sourcecode.c.objc; path = STRAlbumDetailView.m; sourceTree = "<group>"; };
		96DA531B1590FD6900C38314 /* STRAlbumDetailView.xib */ = {isa = PBXFileReference; fileEncoding = 4; lastKnownFileType = file.xib; path = STRAlbumDetailView.xib; sourceTree = "<group>"; };
		96F422C41586A9BC002AE72D /* NSString+MD5.h */ = {isa = PBXFileReference; fileEncoding = 4; lastKnownFileType = sourcecode.c.h; path = "NSString+MD5.h"; sourceTree = "<group>"; };
		96F422C51586A9BC002AE72D /* NSString+MD5.m */ = {isa = PBXFileReference; fileEncoding = 4; lastKnownFileType = sourcecode.c.objc; path = "NSString+MD5.m"; sourceTree = "<group>"; };
		96F422C91586AA68002AE72D /* CurrentUser.h */ = {isa = PBXFileReference; fileEncoding = 4; lastKnownFileType = sourcecode.c.h; path = CurrentUser.h; sourceTree = "<group>"; };
		96F422CA1586AA68002AE72D /* CurrentUser.m */ = {isa = PBXFileReference; fileEncoding = 4; lastKnownFileType = sourcecode.c.objc; path = CurrentUser.m; sourceTree = "<group>"; };
		96F422D11586AE21002AE72D /* Constants.h */ = {isa = PBXFileReference; fileEncoding = 4; lastKnownFileType = sourcecode.c.h; path = Constants.h; sourceTree = "<group>"; };
		96F422D215877321002AE72D /* STRLoginManager.h */ = {isa = PBXFileReference; fileEncoding = 4; lastKnownFileType = sourcecode.c.h; path = STRLoginManager.h; sourceTree = "<group>"; };
		96F422D315877321002AE72D /* STRLoginManager.m */ = {isa = PBXFileReference; fileEncoding = 4; lastKnownFileType = sourcecode.c.objc; path = STRLoginManager.m; sourceTree = "<group>"; };
		96F79B58158B7BDD00F29BEC /* album_names.plist */ = {isa = PBXFileReference; fileEncoding = 4; lastKnownFileType = text.plist.xml; name = album_names.plist; path = album_covers/album_names.plist; sourceTree = "<group>"; };
		96F79B5C158B7F9500F29BEC /* redmoleskine.png */ = {isa = PBXFileReference; lastKnownFileType = image.png; name = redmoleskine.png; path = album_covers/redmoleskine.png; sourceTree = "<group>"; };
		96F79B6C158BBC6000F29BEC /* STRNewAlbumViewController.h */ = {isa = PBXFileReference; fileEncoding = 4; lastKnownFileType = sourcecode.c.h; path = STRNewAlbumViewController.h; sourceTree = "<group>"; };
		96F79B6D158BBC6000F29BEC /* STRNewAlbumViewController.m */ = {isa = PBXFileReference; fileEncoding = 4; lastKnownFileType = sourcecode.c.objc; path = STRNewAlbumViewController.m; sourceTree = "<group>"; };
		96F79B6F158BBC7E00F29BEC /* STRAlbumPreferencesViewController.h */ = {isa = PBXFileReference; fileEncoding = 4; lastKnownFileType = sourcecode.c.h; path = STRAlbumPreferencesViewController.h; sourceTree = "<group>"; };
		96F79B70158BBC7E00F29BEC /* STRAlbumPreferencesViewController.m */ = {isa = PBXFileReference; fileEncoding = 4; lastKnownFileType = sourcecode.c.objc; path = STRAlbumPreferencesViewController.m; sourceTree = "<group>"; };
		96F79B7A158BC91B00F29BEC /* STRPreferencesViewController.h */ = {isa = PBXFileReference; fileEncoding = 4; lastKnownFileType = sourcecode.c.h; path = STRPreferencesViewController.h; sourceTree = "<group>"; };
		96F79B7B158BC91B00F29BEC /* STRPreferencesViewController.m */ = {isa = PBXFileReference; fileEncoding = 4; lastKnownFileType = sourcecode.c.objc; path = STRPreferencesViewController.m; sourceTree = "<group>"; };
/* End PBXFileReference section */

/* Begin PBXFrameworksBuildPhase section */
		963EE50F1587BF870046BD04 /* Frameworks */ = {
			isa = PBXFrameworksBuildPhase;
			buildActionMask = 2147483647;
			files = (
				963EE5151587BF870046BD04 /* SenTestingKit.framework in Frameworks */,
				963EE5161587BF870046BD04 /* UIKit.framework in Frameworks */,
				963EE5171587BF870046BD04 /* Foundation.framework in Frameworks */,
			);
			runOnlyForDeploymentPostprocessing = 0;
		};
		965E2C44158258B30007F167 /* Frameworks */ = {
			isa = PBXFrameworksBuildPhase;
			buildActionMask = 2147483647;
			files = (
				965E2C4C158258B30007F167 /* UIKit.framework in Frameworks */,
				965E2C4E158258B30007F167 /* Foundation.framework in Frameworks */,
				965E2C50158258B30007F167 /* CoreGraphics.framework in Frameworks */,
				965E2C52158258B30007F167 /* CoreData.framework in Frameworks */,
			);
			runOnlyForDeploymentPostprocessing = 0;
		};
/* End PBXFrameworksBuildPhase section */

/* Begin PBXGroup section */
		9611076D15939A5E00374A55 /* App Artwork */ = {
			isa = PBXGroup;
			children = (
				9611076E15939D2B00374A55 /* LoadingImage.png */,
				9611076F15939D2B00374A55 /* LoadingImage@2x.png */,
				9611075F15939A5600374A55 /* icom-Small@2x.png */,
				9611076015939A5600374A55 /* icon-72.png */,
				9611076115939A5600374A55 /* Icon-Small-50.png */,
				9611076215939A5600374A55 /* Icon-Small.png */,
				9611076315939A5600374A55 /* Icon.png */,
				9611076415939A5600374A55 /* icon@2x.png */,
				9611076515939A5600374A55 /* iTunesArtwork */,
			);
			name = "App Artwork";
			sourceTree = "<group>";
		};
		963EE5181587BF870046BD04 /* ToastLogicTests */ = {
			isa = PBXGroup;
			children = (
				963EE51E1587BF870046BD04 /* ToastLogicTests.h */,
				963EE51F1587BF870046BD04 /* ToastLogicTests.m */,
				963EE5191587BF870046BD04 /* Supporting Files */,
			);
			path = ToastLogicTests;
			sourceTree = "<group>";
		};
		963EE5191587BF870046BD04 /* Supporting Files */ = {
			isa = PBXGroup;
			children = (
				963EE51A1587BF870046BD04 /* ToastLogicTests-Info.plist */,
				963EE51B1587BF870046BD04 /* InfoPlist.strings */,
				963EE5211587BF870046BD04 /* ToastLogicTests-Prefix.pch */,
			);
			name = "Supporting Files";
			sourceTree = "<group>";
		};
		96561D381592555D00204E36 /* Gallery VCs */ = {
			isa = PBXGroup;
			children = (
				96561D351592554E00204E36 /* STRGalleryTabController.h */,
				96561D361592554E00204E36 /* STRGalleryTabController.m */,
				96C0026F1593774400DDD980 /* STRMapGalleryViewController.h */,
				96C002701593774400DDD980 /* STRMapGalleryViewController.m */,
				96C002731593775000DDD980 /* STRTileGalleryViewController.h */,
				96C002741593775000DDD980 /* STRTileGalleryViewController.m */,
			);
			name = "Gallery VCs";
			sourceTree = "<group>";
		};
		965E2C3C158258B30007F167 = {
			isa = PBXGroup;
			children = (
				965E2C53158258B30007F167 /* Toast */,
				963EE5181587BF870046BD04 /* ToastLogicTests */,
				965E2C4A158258B30007F167 /* Frameworks */,
				965E2C48158258B30007F167 /* Products */,
			);
			sourceTree = "<group>";
		};
		965E2C48158258B30007F167 /* Products */ = {
			isa = PBXGroup;
			children = (
				965E2C47158258B30007F167 /* Toast.app */,
				963EE5131587BF870046BD04 /* ToastLogicTests.octest */,
			);
			name = Products;
			sourceTree = "<group>";
		};
		965E2C4A158258B30007F167 /* Frameworks */ = {
			isa = PBXGroup;
			children = (
				965E2C4B158258B30007F167 /* UIKit.framework */,
				965E2C4D158258B30007F167 /* Foundation.framework */,
				965E2C4F158258B30007F167 /* CoreGraphics.framework */,
				965E2C51158258B30007F167 /* CoreData.framework */,
				963EE5141587BF870046BD04 /* SenTestingKit.framework */,
			);
			name = Frameworks;
			sourceTree = "<group>";
		};
		965E2C53158258B30007F167 /* Toast */ = {
			isa = PBXGroup;
			children = (
				963EE5281587C8DD0046BD04 /* AppledocSettings.plist */,
				96F422D11586AE21002AE72D /* Constants.h */,
				965DE4FF158BD7B100DAAA92 /* CoreDataObjects.h */,
				96AE970E158F9A3A007A02D0 /* StringCategories.h */,
				965E2C5C158258B30007F167 /* STRAppDelegate.h */,
				965E2C5D158258B30007F167 /* STRAppDelegate.m */,
				965E2C5F158258B30007F167 /* Toast.xcdatamodeld */,
				965E2C67158258C80007F167 /* MainStoryboard.storyboard */,
				96C002791593796200DDD980 /* Storyboard Segues */,
				96C9ABDF1586725F002F8260 /* View Controllers */,
				96F422CF1586AA70002AE72D /* Model Objects */,
				96DA53121590B7BC00C38314 /* Custom Views */,
				96F422C81586A9C9002AE72D /* Categories */,
				96F79B5B158B7BEB00F29BEC /* album_covers */,
				965E2C54158258B30007F167 /* Supporting Files */,
			);
			path = Toast;
			sourceTree = "<group>";
		};
		965E2C54158258B30007F167 /* Supporting Files */ = {
			isa = PBXGroup;
			children = (
				9611076D15939A5E00374A55 /* App Artwork */,
				965E2C55158258B30007F167 /* Toast-Info.plist */,
				965E2C56158258B30007F167 /* InfoPlist.strings */,
				965E2C59158258B30007F167 /* main.m */,
				965E2C5B158258B30007F167 /* Toast-Prefix.pch */,
			);
			name = "Supporting Files";
			sourceTree = "<group>";
		};
		96C002791593796200DDD980 /* Storyboard Segues */ = {
			isa = PBXGroup;
			children = (
			);
			name = "Storyboard Segues";
			sourceTree = "<group>";
		};
		96C9ABDF1586725F002F8260 /* View Controllers */ = {
			isa = PBXGroup;
			children = (
				964C765715891DFF0020E315 /* STRRootViewController.h */,
				964C765815891DFF0020E315 /* STRRootViewController.m */,
				96F79B7A158BC91B00F29BEC /* STRPreferencesViewController.h */,
				96F79B7B158BC91B00F29BEC /* STRPreferencesViewController.m */,
				96561D381592555D00204E36 /* Gallery VCs */,
				96F79B72158BBC8A00F29BEC /* Album VCs */,
				96DFCB1515868FDF002BA57C /* Log In */,
			);
			name = "View Controllers";
			sourceTree = "<group>";
		};
		96DA53121590B7BC00C38314 /* Custom Views */ = {
			isa = PBXGroup;
			children = (
				96DA530F1590B7A100C38314 /* STRCoverFlowView.h */,
				96DA53101590B7A100C38314 /* STRCoverFlowView.m */,
				96DA53131590BA0A00C38314 /* STRClipView.h */,
				96DA53141590BA0A00C38314 /* STRClipView.m */,
				96DA53181590FD5A00C38314 /* STRAlbumDetailView.h */,
				96DA53191590FD5A00C38314 /* STRAlbumDetailView.m */,
				96DA531B1590FD6900C38314 /* STRAlbumDetailView.xib */,
			);
			name = "Custom Views";
			sourceTree = "<group>";
		};
		96DFCB1515868FDF002BA57C /* Log In */ = {
			isa = PBXGroup;
			children = (
				969F1DA5158687D20094154B /* STRSignInViewController.h */,
				969F1DA6158687D20094154B /* STRSignInViewController.m */,
				9629BFE7158A3177007E8291 /* STRRegistrationViewController.h */,
				9629BFE8158A3177007E8291 /* STRRegistrationViewController.m */,
			);
			name = "Log In";
			sourceTree = "<group>";
		};
		96F422C81586A9C9002AE72D /* Categories */ = {
			isa = PBXGroup;
			children = (
				96F422C41586A9BC002AE72D /* NSString+MD5.h */,
				96F422C51586A9BC002AE72D /* NSString+MD5.m */,
				963EE52A1587E2510046BD04 /* NSString+uploadHash.h */,
				963EE52B1587E2510046BD04 /* NSString+uploadHash.m */,
				963EE52D1587E2C10046BD04 /* NSString+downloadHash.h */,
				963EE52E1587E2C10046BD04 /* NSString+downloadHash.m */,
			);
			name = Categories;
			sourceTree = "<group>";
		};
		96F422CF1586AA70002AE72D /* Model Objects */ = {
			isa = PBXGroup;
			children = (
				96AE970F158F9EAA007A02D0 /* STRAlbumObjectManager.h */,
				96AE9710158F9EAA007A02D0 /* STRAlbumObjectManager.m */,
				96561D3915926E6300204E36 /* STRCaptureObjectManager.h */,
				96561D3A15926E6300204E36 /* STRCaptureObjectManager.m */,
				96F79B6B158BAFAD00F29BEC /* Core Data Objects */,
				96F422D01586AA82002AE72D /* Login */,
			);
			name = "Model Objects";
			sourceTree = "<group>";
		};
		96F422D01586AA82002AE72D /* Login */ = {
			isa = PBXGroup;
			children = (
				96F422D215877321002AE72D /* STRLoginManager.h */,
				96F422D315877321002AE72D /* STRLoginManager.m */,
				96F422C91586AA68002AE72D /* CurrentUser.h */,
				96F422CA1586AA68002AE72D /* CurrentUser.m */,
			);
			name = Login;
			sourceTree = "<group>";
		};
		96F79B5B158B7BEB00F29BEC /* album_covers */ = {
			isa = PBXGroup;
			children = (
				96F79B58158B7BDD00F29BEC /* album_names.plist */,
				96561D2E1592048600204E36 /* blackmoleskine.png */,
				96F79B5C158B7F9500F29BEC /* redmoleskine.png */,
			);
			name = album_covers;
			sourceTree = "<group>";
		};
		96F79B6B158BAFAD00F29BEC /* Core Data Objects */ = {
			isa = PBXGroup;
			children = (
				96AE9708158F7B1F007A02D0 /* User.h */,
				96AE9709158F7B1F007A02D0 /* User.m */,
				96AE970B158F7B1F007A02D0 /* Album.h */,
				96AE970C158F7B1F007A02D0 /* Album.m */,
				96AE9704158F7B1E007A02D0 /* Capture.h */,
				96AE9705158F7B1E007A02D0 /* Capture.m */,
			);
			name = "Core Data Objects";
			sourceTree = "<group>";
		};
		96F79B72158BBC8A00F29BEC /* Album VCs */ = {
			isa = PBXGroup;
			children = (
				964C765315890E9D0020E315 /* STRAlbumsViewController.h */,
				964C765415890E9D0020E315 /* STRAlbumViewController.m */,
				96F79B6C158BBC6000F29BEC /* STRNewAlbumViewController.h */,
				96F79B6D158BBC6000F29BEC /* STRNewAlbumViewController.m */,
				96F79B6F158BBC7E00F29BEC /* STRAlbumPreferencesViewController.h */,
				96F79B70158BBC7E00F29BEC /* STRAlbumPreferencesViewController.m */,
			);
			name = "Album VCs";
			sourceTree = "<group>";
		};
/* End PBXGroup section */

/* Begin PBXNativeTarget section */
		963EE5121587BF870046BD04 /* ToastLogicTests */ = {
			isa = PBXNativeTarget;
			buildConfigurationList = 963EE5241587BF870046BD04 /* Build configuration list for PBXNativeTarget "ToastLogicTests" */;
			buildPhases = (
				963EE50E1587BF870046BD04 /* Sources */,
				963EE50F1587BF870046BD04 /* Frameworks */,
				963EE5101587BF870046BD04 /* Resources */,
				963EE5111587BF870046BD04 /* ShellScript */,
			);
			buildRules = (
			);
			dependencies = (
				963EE5271587C0DD0046BD04 /* PBXTargetDependency */,
			);
			name = ToastLogicTests;
			productName = ToastLogicTests;
			productReference = 963EE5131587BF870046BD04 /* ToastLogicTests.octest */;
			productType = "com.apple.product-type.bundle";
		};
		965E2C46158258B30007F167 /* Toast */ = {
			isa = PBXNativeTarget;
			buildConfigurationList = 965E2C64158258B30007F167 /* Build configuration list for PBXNativeTarget "Toast" */;
			buildPhases = (
				965E2C43158258B30007F167 /* Sources */,
				965E2C44158258B30007F167 /* Frameworks */,
				965E2C45158258B30007F167 /* Resources */,
			);
			buildRules = (
			);
			dependencies = (
			);
			name = Toast;
			productName = Toast;
			productReference = 965E2C47158258B30007F167 /* Toast.app */;
			productType = "com.apple.product-type.application";
		};
/* End PBXNativeTarget section */

/* Begin PBXProject section */
		965E2C3E158258B30007F167 /* Project object */ = {
			isa = PBXProject;
			attributes = {
				CLASSPREFIX = STR;
				LastUpgradeCheck = 0430;
				ORGANIZATIONNAME = Strabo;
			};
			buildConfigurationList = 965E2C41158258B30007F167 /* Build configuration list for PBXProject "Toast" */;
			compatibilityVersion = "Xcode 3.2";
			developmentRegion = English;
			hasScannedForEncodings = 0;
			knownRegions = (
				en,
			);
			mainGroup = 965E2C3C158258B30007F167;
			productRefGroup = 965E2C48158258B30007F167 /* Products */;
			projectDirPath = "";
			projectRoot = "";
			targets = (
				965E2C46158258B30007F167 /* Toast */,
				963EE5121587BF870046BD04 /* ToastLogicTests */,
			);
		};
/* End PBXProject section */

/* Begin PBXResourcesBuildPhase section */
		963EE5101587BF870046BD04 /* Resources */ = {
			isa = PBXResourcesBuildPhase;
			buildActionMask = 2147483647;
			files = (
				963EE51D1587BF870046BD04 /* InfoPlist.strings in Resources */,
			);
			runOnlyForDeploymentPostprocessing = 0;
		};
		965E2C45158258B30007F167 /* Resources */ = {
			isa = PBXResourcesBuildPhase;
			buildActionMask = 2147483647;
			files = (
				965E2C58158258B30007F167 /* InfoPlist.strings in Resources */,
				965E2C68158258C80007F167 /* MainStoryboard.storyboard in Resources */,
				963EE5291587C8DD0046BD04 /* AppledocSettings.plist in Resources */,
				96F79B59158B7BDD00F29BEC /* album_names.plist in Resources */,
				96F79B5D158B7F9500F29BEC /* redmoleskine.png in Resources */,
				96DA531C1590FD6900C38314 /* STRAlbumDetailView.xib in Resources */,
				96561D2F1592048600204E36 /* blackmoleskine.png in Resources */,
				9611076615939A5600374A55 /* icom-Small@2x.png in Resources */,
				9611076715939A5600374A55 /* icon-72.png in Resources */,
				9611076815939A5600374A55 /* Icon-Small-50.png in Resources */,
				9611076915939A5600374A55 /* Icon-Small.png in Resources */,
				9611076A15939A5600374A55 /* Icon.png in Resources */,
				9611076B15939A5600374A55 /* icon@2x.png in Resources */,
				9611076C15939A5600374A55 /* iTunesArtwork in Resources */,
				9611077015939D2B00374A55 /* LoadingImage.png in Resources */,
				9611077115939D2B00374A55 /* LoadingImage@2x.png in Resources */,
			);
			runOnlyForDeploymentPostprocessing = 0;
		};
/* End PBXResourcesBuildPhase section */

/* Begin PBXShellScriptBuildPhase section */
		963EE5111587BF870046BD04 /* ShellScript */ = {
			isa = PBXShellScriptBuildPhase;
			buildActionMask = 2147483647;
			files = (
			);
			inputPaths = (
			);
			outputPaths = (
			);
			runOnlyForDeploymentPostprocessing = 0;
			shellPath = /bin/sh;
			shellScript = "# Run the unit tests in this test bundle.\n\"${SYSTEM_DEVELOPER_DIR}/Tools/RunUnitTests\"\n";
		};
/* End PBXShellScriptBuildPhase section */

/* Begin PBXSourcesBuildPhase section */
		963EE50E1587BF870046BD04 /* Sources */ = {
			isa = PBXSourcesBuildPhase;
			buildActionMask = 2147483647;
			files = (
				963EE5201587BF870046BD04 /* ToastLogicTests.m in Sources */,
			);
			runOnlyForDeploymentPostprocessing = 0;
		};
		965E2C43158258B30007F167 /* Sources */ = {
			isa = PBXSourcesBuildPhase;
			buildActionMask = 2147483647;
			files = (
				965E2C5A158258B30007F167 /* main.m in Sources */,
				965E2C5E158258B30007F167 /* STRAppDelegate.m in Sources */,
				965E2C61158258B30007F167 /* Toast.xcdatamodeld in Sources */,
				969F1DA7158687D20094154B /* STRSignInViewController.m in Sources */,
				96F422C61586A9BC002AE72D /* NSString+MD5.m in Sources */,
				96F422CD1586AA68002AE72D /* CurrentUser.m in Sources */,
				96F422D415877321002AE72D /* STRLoginManager.m in Sources */,
				963EE52C1587E2510046BD04 /* NSString+uploadHash.m in Sources */,
				963EE52F1587E2C10046BD04 /* NSString+downloadHash.m in Sources */,
				964C765515890E9D0020E315 /* STRAlbumViewController.m in Sources */,
				964C765915891DFF0020E315 /* STRRootViewController.m in Sources */,
				9629BFE9158A3177007E8291 /* STRRegistrationViewController.m in Sources */,
				96F79B6E158BBC6000F29BEC /* STRNewAlbumViewController.m in Sources */,
				96F79B71158BBC7F00F29BEC /* STRAlbumPreferencesViewController.m in Sources */,
				96F79B7C158BC91B00F29BEC /* STRPreferencesViewController.m in Sources */,
				96AE9706158F7B1E007A02D0 /* Capture.m in Sources */,
				96AE970A158F7B1F007A02D0 /* User.m in Sources */,
				96AE970D158F7B1F007A02D0 /* Album.m in Sources */,
				96AE9711158F9EAB007A02D0 /* STRAlbumObjectManager.m in Sources */,
				96DA53111590B7A100C38314 /* STRCoverFlowView.m in Sources */,
				96DA53151590BA0A00C38314 /* STRClipView.m in Sources */,
				96DA531A1590FD5B00C38314 /* STRAlbumDetailView.m in Sources */,
				96561D371592554E00204E36 /* STRGalleryTabController.m in Sources */,
				96561D3B15926E6400204E36 /* STRCaptureObjectManager.m in Sources */,
				96C002711593774400DDD980 /* STRMapGalleryViewController.m in Sources */,
				96C002751593775000DDD980 /* STRTileGalleryViewController.m in Sources */,
			);
			runOnlyForDeploymentPostprocessing = 0;
		};
/* End PBXSourcesBuildPhase section */

/* Begin PBXTargetDependency section */
		963EE5271587C0DD0046BD04 /* PBXTargetDependency */ = {
			isa = PBXTargetDependency;
			target = 965E2C46158258B30007F167 /* Toast */;
			targetProxy = 963EE5261587C0DD0046BD04 /* PBXContainerItemProxy */;
		};
/* End PBXTargetDependency section */

/* Begin PBXVariantGroup section */
		963EE51B1587BF870046BD04 /* InfoPlist.strings */ = {
			isa = PBXVariantGroup;
			children = (
				963EE51C1587BF870046BD04 /* en */,
			);
			name = InfoPlist.strings;
			sourceTree = "<group>";
		};
		965E2C56158258B30007F167 /* InfoPlist.strings */ = {
			isa = PBXVariantGroup;
			children = (
				965E2C57158258B30007F167 /* en */,
			);
			name = InfoPlist.strings;
			sourceTree = "<group>";
		};
/* End PBXVariantGroup section */

/* Begin XCBuildConfiguration section */
		963EE5221587BF870046BD04 /* Debug */ = {
			isa = XCBuildConfiguration;
			buildSettings = {
				BUNDLE_LOADER = "$(BUILT_PRODUCTS_DIR)/Toast.app/Toast";
				FRAMEWORK_SEARCH_PATHS = (
					"$(SDKROOT)/Developer/Library/Frameworks",
					"$(DEVELOPER_LIBRARY_DIR)/Frameworks",
				);
				GCC_PRECOMPILE_PREFIX_HEADER = YES;
				GCC_PREFIX_HEADER = "ToastLogicTests/ToastLogicTests-Prefix.pch";
				INFOPLIST_FILE = "ToastLogicTests/ToastLogicTests-Info.plist";
				PRODUCT_NAME = "$(TARGET_NAME)";
				TEST_HOST = "$(BUNDLE_LOADER)";
				WRAPPER_EXTENSION = octest;
			};
			name = Debug;
		};
		963EE5231587BF870046BD04 /* Release */ = {
			isa = XCBuildConfiguration;
			buildSettings = {
				BUNDLE_LOADER = "$(BUILT_PRODUCTS_DIR)/Toast.app/Toast";
				FRAMEWORK_SEARCH_PATHS = (
					"$(SDKROOT)/Developer/Library/Frameworks",
					"$(DEVELOPER_LIBRARY_DIR)/Frameworks",
				);
				GCC_PRECOMPILE_PREFIX_HEADER = YES;
				GCC_PREFIX_HEADER = "ToastLogicTests/ToastLogicTests-Prefix.pch";
				INFOPLIST_FILE = "ToastLogicTests/ToastLogicTests-Info.plist";
				PRODUCT_NAME = "$(TARGET_NAME)";
				TEST_HOST = "$(BUNDLE_LOADER)";
				WRAPPER_EXTENSION = octest;
			};
			name = Release;
		};
		965E2C62158258B30007F167 /* Debug */ = {
			isa = XCBuildConfiguration;
			buildSettings = {
				ALWAYS_SEARCH_USER_PATHS = NO;
				ARCHS = "$(ARCHS_STANDARD_32_BIT)";
				CLANG_ENABLE_OBJC_ARC = YES;
				"CODE_SIGN_IDENTITY[sdk=iphoneos*]" = "iPhone Developer";
				COPY_PHASE_STRIP = NO;
				GCC_C_LANGUAGE_STANDARD = gnu99;
				GCC_DYNAMIC_NO_PIC = NO;
				GCC_OPTIMIZATION_LEVEL = 0;
				GCC_PREPROCESSOR_DEFINITIONS = (
					"DEBUG=1",
					"$(inherited)",
				);
				GCC_SYMBOLS_PRIVATE_EXTERN = NO;
				GCC_VERSION = com.apple.compilers.llvm.clang.1_0;
				GCC_WARN_ABOUT_RETURN_TYPE = YES;
				GCC_WARN_UNINITIALIZED_AUTOS = YES;
				GCC_WARN_UNUSED_VARIABLE = YES;
				IPHONEOS_DEPLOYMENT_TARGET = 5.1;
				SDKROOT = iphoneos;
			};
			name = Debug;
		};
		965E2C63158258B30007F167 /* Release */ = {
			isa = XCBuildConfiguration;
			buildSettings = {
				ALWAYS_SEARCH_USER_PATHS = NO;
				ARCHS = "$(ARCHS_STANDARD_32_BIT)";
				CLANG_ENABLE_OBJC_ARC = YES;
				"CODE_SIGN_IDENTITY[sdk=iphoneos*]" = "iPhone Developer";
				COPY_PHASE_STRIP = YES;
				GCC_C_LANGUAGE_STANDARD = gnu99;
				GCC_VERSION = com.apple.compilers.llvm.clang.1_0;
				GCC_WARN_ABOUT_RETURN_TYPE = YES;
				GCC_WARN_UNINITIALIZED_AUTOS = YES;
				GCC_WARN_UNUSED_VARIABLE = YES;
				IPHONEOS_DEPLOYMENT_TARGET = 5.1;
				OTHER_CFLAGS = "-DNS_BLOCK_ASSERTIONS=1";
				SDKROOT = iphoneos;
				VALIDATE_PRODUCT = YES;
			};
			name = Release;
		};
		965E2C65158258B30007F167 /* Debug */ = {
			isa = XCBuildConfiguration;
			buildSettings = {
				GCC_PRECOMPILE_PREFIX_HEADER = YES;
				GCC_PREFIX_HEADER = "Toast/Toast-Prefix.pch";
				INFOPLIST_FILE = "Toast/Toast-Info.plist";
				IPHONEOS_DEPLOYMENT_TARGET = 5.1;
				PRODUCT_NAME = "$(TARGET_NAME)";
				WRAPPER_EXTENSION = app;
			};
			name = Debug;
		};
		965E2C66158258B30007F167 /* Release */ = {
			isa = XCBuildConfiguration;
			buildSettings = {
				CODE_SIGN_IDENTITY = "iPhone Distribution: Thomas Beatty";
				GCC_PRECOMPILE_PREFIX_HEADER = YES;
				GCC_PREFIX_HEADER = "Toast/Toast-Prefix.pch";
				INFOPLIST_FILE = "Toast/Toast-Info.plist";
				IPHONEOS_DEPLOYMENT_TARGET = 5.1;
				PRODUCT_NAME = "$(TARGET_NAME)";
				PROVISIONING_PROFILE = "7F0633A1-9BE9-4AD6-AA3F-2FE16DB9339D";
				WRAPPER_EXTENSION = app;
			};
			name = Release;
		};
/* End XCBuildConfiguration section */

/* Begin XCConfigurationList section */
		963EE5241587BF870046BD04 /* Build configuration list for PBXNativeTarget "ToastLogicTests" */ = {
			isa = XCConfigurationList;
			buildConfigurations = (
				963EE5221587BF870046BD04 /* Debug */,
				963EE5231587BF870046BD04 /* Release */,
			);
			defaultConfigurationIsVisible = 0;
			defaultConfigurationName = Release;
		};
		965E2C41158258B30007F167 /* Build configuration list for PBXProject "Toast" */ = {
			isa = XCConfigurationList;
			buildConfigurations = (
				965E2C62158258B30007F167 /* Debug */,
				965E2C63158258B30007F167 /* Release */,
			);
			defaultConfigurationIsVisible = 0;
			defaultConfigurationName = Release;
		};
		965E2C64158258B30007F167 /* Build configuration list for PBXNativeTarget "Toast" */ = {
			isa = XCConfigurationList;
			buildConfigurations = (
				965E2C65158258B30007F167 /* Debug */,
				965E2C66158258B30007F167 /* Release */,
			);
			defaultConfigurationIsVisible = 0;
			defaultConfigurationName = Release;
		};
/* End XCConfigurationList section */

/* Begin XCVersionGroup section */
		965E2C5F158258B30007F167 /* Toast.xcdatamodeld */ = {
			isa = XCVersionGroup;
			children = (
				965E2C60158258B30007F167 /* Toast.xcdatamodel */,
			);
			currentVersion = 965E2C60158258B30007F167 /* Toast.xcdatamodel */;
			path = Toast.xcdatamodeld;
			sourceTree = "<group>";
			versionGroupType = wrapper.xcdatamodel;
		};
/* End XCVersionGroup section */
	};
	rootObject = 965E2C3E158258B30007F167 /* Project object */;
}
